{
          "name": "conduit",
          "version": "1.0.0",
          "lockfileVersion": 1,
          "requires": true,
          "dependencies": {
                    "abend": {
                              "version": "1.0.6",
                              "resolved": "https://registry.npmjs.org/abend/-/abend-1.0.6.tgz",
                              "integrity": "sha512-gvMNIKcnL2G8skG1As79/fIbaOkrXKKtcLY4rZSktNgtqIWF331hvm5vOpf6O7Yy8F7VoD+xaXiIBz9+JXiJqA=="
                    },
                    "arguable": {
                              "version": "6.1.4",
                              "resolved": "https://registry.npmjs.org/arguable/-/arguable-6.1.4.tgz",
                              "integrity": "sha512-3Jsk3w3rBZupxBnpVe0j5VAWc3aYwyOU7ljz6PylRuZefTUvDQqkaR7/Z7yJJ0Vv7ZLD1oXUvHhabv3OoUSZgQ==",
                              "dev": true,
                              "requires": {
                                        "cadence": "1.0.7",
                                        "interrupt": "5.0.7",
                                        "rescue": "3.2.3",
                                        "signal": "3.4.0",
                                        "synonymous": "1.0.5"
                              }
                    },
                    "bintrees": {
                              "version": "1.0.2",
                              "resolved": "https://registry.npmjs.org/bintrees/-/bintrees-1.0.2.tgz",
                              "integrity": "sha1-SfiW1uhYpKSZ34XDj7OZua/4QPg="
                    },
                    "byline": {
                              "version": "5.0.0",
                              "resolved": "https://registry.npmjs.org/byline/-/byline-5.0.0.tgz",
                              "integrity": "sha1-dBxSFkaOrcRXsDQQEYrXfejB3bE=",
                              "dev": true
                    },
                    "cadence": {
                              "version": "1.0.7",
                              "resolved": "https://registry.npmjs.org/cadence/-/cadence-1.0.7.tgz",
                              "integrity": "sha512-qsytzXtE45KOPay5DkvVwHaDanmVuUb1zJcr9RoPNULshhgDOLYMHXXzYWhVFI90Nl69ls2+4bVG3CiCclUXsA=="
                    },
                    "cliffhanger": {
                              "version": "1.4.7",
                              "resolved": "https://registry.npmjs.org/cliffhanger/-/cliffhanger-1.4.7.tgz",
                              "integrity": "sha512-psDpNR2b8WKaJuIphUcdtXVGu6HWuaYptn4BY4VyIzr3OWh2cCV/OCA9Ap9sz2vgdtZZ1lUuD2M1P9hsEM7ndw==",
                              "requires": {
                                        "cadence": "1.0.7",
                                        "interrupt": "5.0.7",
                                        "magazine": "3.2.2",
                                        "monotonic": "3.0.2"
                              }
                    },
                    "deep-diff": {
                              "version": "0.3.8",
                              "resolved": "https://registry.npmjs.org/deep-diff/-/deep-diff-0.3.8.tgz",
                              "integrity": "sha1-wB3mPvsO7JeYgB1Ax+Da4ltYLIQ=",
                              "dev": true
                    },
                    "deep-equal": {
                              "version": "1.0.1",
                              "resolved": "https://registry.npmjs.org/deep-equal/-/deep-equal-1.0.1.tgz",
                              "integrity": "sha1-9dJgKStmDghO/0zbyfCK0yR0SLU=",
                              "dev": true
                    },
                    "delta": {
                              "version": "1.2.6",
                              "resolved": "https://registry.npmjs.org/delta/-/delta-1.2.6.tgz",
                              "integrity": "sha512-geojjGV9mFAmtqADUeVwcRfq7YrND190HNC0XAG9vIA1YTr3vsNGLN6AeODliV5XBAabjbRa2OeiWx5gU/2TMA=="
                    },
                    "departure": {
                              "version": "0.0.7",
                              "resolved": "https://registry.npmjs.org/departure/-/departure-0.0.7.tgz",
                              "integrity": "sha512-zBibQYLWtRfZAPff1S8ljpXrh21+ZUSbz9N8XJtnGH88M6XlVfnXtdMrkNw1yAyEl0txFZnPCVzFEUIml6/4PQ==",
                              "dev": true,
                              "requires": {
                                        "deep-diff": "0.3.8",
                                        "deep-equal": "1.0.1"
                              }
                    },
                    "destructible": {
                              "version": "0.19.1",
                              "resolved": "https://registry.npmjs.org/destructible/-/destructible-0.19.1.tgz",
                              "integrity": "sha512-XpxURmWX3eYztxpTd2yjZWeTJrYw71C8qVyWi8vMLB07EtJ+PVjP4t0pjqaruZAW4Amyw1PXPsEhg7nAhP+V3w==",
                              "requires": {
                                        "abend": "1.0.6",
                                        "cadence": "1.0.7",
                                        "extant": "1.0.4",
                                        "interrupt": "5.0.7",
                                        "keyify": "0.0.3",
                                        "monotonic": "3.0.2",
                                        "operation": "1.6.4",
                                        "signal": "3.4.0"
                              }
                    },
                    "expandable": {
                              "version": "0.1.4",
                              "resolved": "https://registry.npmjs.org/expandable/-/expandable-0.1.4.tgz",
                              "integrity": "sha512-AnH9G594Pdn7sMRCyWzfUdQDTs6hu05c/+52emY1BLrGs0WfL+j2+wsIk2G780Xp4r3Wc9xi/tNbzo8ukf66NQ==",
                              "dev": true
                    },
                    "extant": {
                              "version": "1.0.4",
                              "resolved": "https://registry.npmjs.org/extant/-/extant-1.0.4.tgz",
                              "integrity": "sha512-kwc4N9NzML9XidL8JJxjYCDs4NNqlYoscJGo4d2ZlXuawWEGRVL0SumTpdyi6oLTTkVY/kG7bWBgEW0BuXCRFw=="
                    },
                    "interlocutor": {
                              "version": "0.5.4",
                              "resolved": "https://registry.npmjs.org/interlocutor/-/interlocutor-0.5.4.tgz",
                              "integrity": "sha512-sOxsyZo8AdI06geap4RR4S4Ya+3Hq+EWLLiWj4WzNtN6W+o5U8hW+U9rnb2Otb/MDcOlJ1JTfG7EpXJXVHCWZA==",
                              "requires": {
                                        "cadence": "1.0.7",
                                        "delta": "1.2.6",
                                        "extant": "1.0.4",
                                        "signal": "3.4.0"
                              }
                    },
                    "interrupt": {
                              "version": "5.0.7",
                              "resolved": "https://registry.npmjs.org/interrupt/-/interrupt-5.0.7.tgz",
                              "integrity": "sha512-j562pj5z2FjVPTdC+99pq0d3/jpZw115MxNYMctKK9wckgGj2T9dxB31mSA2B6H3xHwZZtmYl3i98by/hi9WfA=="
                    },
                    "keyify": {
                              "version": "0.0.3",
                              "resolved": "https://registry.npmjs.org/keyify/-/keyify-0.0.3.tgz",
                              "integrity": "sha512-7N/OOzU9gVkKZzQr5t1t8TqPMtg7lIvJzyDE7hUsHgV0oaTSEtGKqFSi0TU63KFT6UgyqfUiWcdJXWVj1TK24A=="
                    },
                    "magazine": {
                              "version": "3.2.2",
                              "resolved": "https://registry.npmjs.org/magazine/-/magazine-3.2.2.tgz",
                              "integrity": "sha512-W60lqfC+0v7L2BJ3Gnw9JXf5kIiDnSUFrCVIcI9xiGhQgKfIanrBAt2Bst4USCFkPAIPF3D3noUoNP0wOjQCsw=="
                    },
                    "media-typer": {
                              "version": "0.3.0",
                              "resolved": "https://registry.npmjs.org/media-typer/-/media-typer-0.3.0.tgz",
                              "integrity": "sha1-hxDXrwqmJvj/+hzgAWhUUmMlV0g=",
                              "dev": true
                    },
                    "monotonic": {
                              "version": "3.0.2",
                              "resolved": "https://registry.npmjs.org/monotonic/-/monotonic-3.0.2.tgz",
                              "integrity": "sha512-+kCom1MB3JelJVdv73P+3oX1H20pSMemmJgixNBtQDQtn57551G9SDGRNqs4D3CtIFrrC0Tqm0XFZMHRK7WkAQ=="
                    },
                    "nascent.jacket": {
                              "version": "0.0.5",
                              "resolved": "https://registry.npmjs.org/nascent.jacket/-/nascent.jacket-0.0.5.tgz",
                              "integrity": "sha512-S2cXs+mJY7EDd1+Jdwv26cl7aoyF2X1pjwUwzRr0XPQUYH2tTqcel+1HUTk6Qxnik+gbIuFi47b06Qq+E/cV0w=="
                    },
                    "nop": {
                              "version": "1.0.0",
                              "resolved": "https://registry.npmjs.org/nop/-/nop-1.0.0.tgz",
                              "integrity": "sha1-y0bPfgFXSqY5CFgUn2aJev5Tyco="
                    },
                    "operation": {
                              "version": "1.6.4",
                              "resolved": "https://registry.npmjs.org/operation/-/operation-1.6.4.tgz",
                              "integrity": "sha512-zXX+ESzfmzOhzAVADLk+JwFXDEMLknGvJ6Ts4hS9M9GIYJ4+/fRy0y4nPY4masoguzJWD7D0c4NYjR9UqmNMIg=="
                    },
                    "procession": {
                              "version": "0.10.0",
                              "resolved": "https://registry.npmjs.org/procession/-/procession-0.10.0.tgz",
                              "integrity": "sha512-DYvqeU3SBX2yL1GwVU9H1ow5pxTzg4UagoB0hqpB7rWxEJOA/DPTiOBdE8adWzWLJOiCxReAMF4mkoFHQtkQpw==",
                              "requires": {
                                        "bintrees": "1.0.2",
                                        "cadence": "1.0.7",
                                        "extant": "1.0.4",
                                        "interrupt": "5.0.7",
                                        "nop": "1.0.0",
                                        "operation": "1.6.4",
                                        "signal": "3.4.0"
                              }
                    },
                    "prolific.logger": {
                              "version": "5.0.2",
                              "resolved": "https://registry.npmjs.org/prolific.logger/-/prolific.logger-5.0.2.tgz",
                              "integrity": "sha512-IH2+an5rxcic2gzBG/S95BrAHJAXyutPsAfz5dCH12BFv6Q90ySSuLmwqF9a/oHIMuXWLuyC3vjVEurMnmaaMg==",
                              "dev": true,
                              "requires": {
                                        "prolific.resolver": "5.0.4"
                              }
                    },
                    "prolific.resolver": {
                              "version": "5.0.4",
                              "resolved": "https://registry.npmjs.org/prolific.resolver/-/prolific.resolver-5.0.4.tgz",
                              "integrity": "sha512-eOrzuBh1kXESR4PlepYbo0AqR6YOsuc4shId9XzUhx47xJjnU9L3eixbAYjs2unqwcVaPHMU4N1030PDSR9W7A==",
                              "dev": true,
                              "requires": {
                                        "prolific.sink": "3.0.4"
                              }
                    },
                    "prolific.sink": {
                              "version": "3.0.4",
                              "resolved": "https://registry.npmjs.org/prolific.sink/-/prolific.sink-3.0.4.tgz",
                              "integrity": "sha512-tLxgQ1VLS4iR3bdqZ7vIq/krDbHhEx+1JdPjZpViDhTvFSgmQ8w83215vWOzroytlFPLkJcT7Et9OHhNCdcgzg==",
                              "dev": true,
                              "requires": {
                                        "supersede": "1.0.5"
                              }
                    },
                    "proof": {
                              "version": "3.0.18",
                              "resolved": "https://registry.npmjs.org/proof/-/proof-3.0.18.tgz",
                              "integrity": "sha512-gHeVBw3C99usob+aXSjlxf9VMAOY4mhfcdainf0D3SWeRke5C27HRCWnZfast2TdiO+qX1I8zcu95OBobyU6ag==",
                              "dev": true,
                              "requires": {
                                        "arguable": "6.1.4",
                                        "byline": "5.0.0",
                                        "cadence": "1.0.7",
                                        "deep-equal": "1.0.1",
                                        "delta": "1.2.6",
                                        "departure": "0.0.7",
                                        "expandable": "0.1.4",
                                        "extant": "1.0.4",
                                        "rescue": "3.2.3",
                                        "staccato": "5.0.4",
                                        "turnstile": "3.2.6"
                              }
                    },
                    "rescue": {
                              "version": "3.2.3",
                              "resolved": "https://registry.npmjs.org/rescue/-/rescue-3.2.3.tgz",
                              "integrity": "sha512-x9Ece0T9fky0gTbZORP9H6MFFYeVkrT2JIPCa6C9XyvqQ1HcaVp1w91z33XqTS07LH8Aan2rQXIenMJqCVer2g==",
                              "dev": true
                    },
                    "signal": {
                              "version": "3.4.0",
                              "resolved": "https://registry.npmjs.org/signal/-/signal-3.4.0.tgz",
                              "integrity": "sha512-U6AaAIR7pj5qLwoZiZjdwKXX+ZyFKM7ysMOdlXsL2EegkYf1kx+fkv6cJgHH+iaMdkYrfM6vCCpSr8OiPcmdpA==",
                              "requires": {
                                        "operation": "1.6.4"
                              }
                    },
                    "sprintf": {
                              "version": "0.1.5",
                              "resolved": "https://registry.npmjs.org/sprintf/-/sprintf-0.1.5.tgz",
                              "integrity": "sha1-j4PjmpMXwaUCy324BQ5Rxnn27c8=",
                              "dev": true
                    },
                    "staccato": {
                              "version": "5.0.4",
                              "resolved": "https://registry.npmjs.org/staccato/-/staccato-5.0.4.tgz",
                              "integrity": "sha512-Zd76k78rvShGkSF/BnWOfzQqg2kpqb+Fyi4shAfpu7/fAczePX/zSep5xaswkyDduXOHJnmdhTc7vou0IkS0WA==",
                              "requires": {
                                        "cadence": "1.0.7",
                                        "delta": "1.2.6",
                                        "extant": "1.0.4",
                                        "interrupt": "5.0.7"
                              }
                    },
                    "supersede": {
                              "version": "1.0.5",
                              "resolved": "https://registry.npmjs.org/supersede/-/supersede-1.0.5.tgz",
                              "integrity": "sha512-AiDIDADNItrRARk6VcYezCl/5RmcWhWCzu9WbG8Y7cyjRmH3yBxE5ig5qpIjvJNOjUB4CiSMgWpMs+gsybnXGg==",
                              "dev": true
                    },
                    "synonymous": {
                              "version": "1.0.5",
                              "resolved": "https://registry.npmjs.org/synonymous/-/synonymous-1.0.5.tgz",
                              "integrity": "sha512-wKwrEIev0cb9Ke0ITef61wGnIrhpdN4Gf/t9dX1MRB45E2G8DYZyt4wJcoHV/BqrUq8yzVarZXhz35zq2EUgAA==",
                              "dev": true,
                              "requires": {
                                        "sprintf": "0.1.5"
                              }
                    },
                    "turnstile": {
                              "version": "3.2.6",
                              "resolved": "https://registry.npmjs.org/turnstile/-/turnstile-3.2.6.tgz",
                              "integrity": "sha512-La9i1NISjqPOP2bDffPWAUCdLPoioC3RpXPmUgm10gHocNkPeWr8JJ/8yqNX30d85kp4yxE/wadlXaIquwhA4Q==",
                              "requires": {
                                        "abend": "1.0.6",
                                        "cadence": "1.0.7",
                                        "extant": "1.0.4",
                                        "interrupt": "5.0.7",
                                        "nop": "1.0.0",
                                        "operation": "1.6.4"
                              }
                    },
                    "vizsla": {
                              "version": "10.7.6",
                              "resolved": "https://registry.npmjs.org/vizsla/-/vizsla-10.7.6.tgz",
                              "integrity": "sha512-owawzvWcNZ0iYmsYteVGF7fucm3z6VnXfw9YQcjz9ugRpKrFuoUPDI7fhEiqevQQvqXd/CgsL2ARripPtWoIpA==",
                              "dev": true,
                              "requires": {
                                        "byline": "5.0.0",
                                        "cadence": "1.0.7",
                                        "delta": "1.2.6",
                                        "extant": "1.0.4",
                                        "interrupt": "5.0.7",
                                        "media-typer": "0.3.0",
                                        "prolific.logger": "5.0.2",
                                        "signal": "3.4.0"
                              }
                    }
          }
}
